PODS:
  - Cache (5.2.0)
  - Imaginary (5.0.0):
    - Cache (~> 5.0)

DEPENDENCIES:
  - Imaginary (from `../../`)

SPEC REPOS:
  https://github.com/cocoapods/specs.git:
    - Cache

EXTERNAL SOURCES:
  Imaginary:
    :path: "../../"

SPEC CHECKSUMS:
  Cache: 807c5d86d01a177f06ede9865add3aea269bbfd4
  Imaginary: 00f9fbb7fc2b3e9e7bbd0e050d70098e66daa154

PODFILE CHECKSUM: 317cccf04e61f3f6f7e8a7e2dbc1ad0f7fa2beee

COCOAPODS: 1.7.5
